
Microsoft Visual Studio Solution File, Format Version 12.00
# Visual Studio Version 17
VisualStudioVersion = 17.4.33103.184
MinimumVisualStudioVersion = 10.0.40219.1
Project("{54A90642-561A-4BB1-A94E-469ADEE60C69}") = "nodeconsoleproject1", "nodeconsoleproject1.esproj", "{4DDEA567-6505-40F7-8983-245DC5D5E17F}"
EndProject
Global
	GlobalSection(SolutionConfigurationPlatforms) = preSolution
		Debug|Any CPU = Debug|Any CPU
		Release|Any CPU = Release|Any CPU
	EndGlobalSection
	GlobalSection(ProjectConfigurationPlatforms) = postSolution
		{4DDEA567-6505-40F7-8983-245DC5D5E17F}.Debug|Any CPU.ActiveCfg = Debug|Any CPU
		{4DDEA567-6505-40F7-8983-245DC5D5E17F}.Debug|Any CPU.Build.0 = Debug|Any CPU
		{4DDEA567-6505-40F7-8983-245DC5D5E17F}.Debug|Any CPU.Deploy.0 = Debug|Any CPU
		{4DDEA567-6505-40F7-8983-245DC5D5E17F}.Release|Any CPU.ActiveCfg = Release|Any CPU
		{4DDEA567-6505-40F7-8983-245DC5D5E17F}.Release|Any CPU.Build.0 = Release|Any CPU
		{4DDEA567-6505-40F7-8983-245DC5D5E17F}.Release|Any CPU.Deploy.0 = Release|Any CPU
	EndGlobalSection
	GlobalSection(SolutionProperties) = preSolution
		HideSolutionNode = FALSE
	EndGlobalSection
	GlobalSection(ExtensibilityGlobals) = postSolution
		SolutionGuid = {551B2704-6727-48FF-8700-2FBAF5CC3112}
	EndGlobalSection
EndGlobal
